// !$*UTF8*$!
{
	archiveVersion = 1;
	classes = {
	};
	objectVersion = 51;
	objects = {

/* Begin PBXBuildFile section */
		8D054F3E230890AB00AB00D4 /* AppDelegate.swift in Sources */ = {isa = PBXBuildFile; fileRef = 8D054F3D230890AB00AB00D4 /* AppDelegate.swift */; };
		8D054F45230890AD00AB00D4 /* Assets.xcassets in Resources */ = {isa = PBXBuildFile; fileRef = 8D054F44230890AD00AB00D4 /* Assets.xcassets */; };
		8D054F48230890AD00AB00D4 /* LaunchScreen.storyboard in Resources */ = {isa = PBXBuildFile; fileRef = 8D054F46230890AD00AB00D4 /* LaunchScreen.storyboard */; };
		8D054F562308921500AB00D4 /* Router.swift in Sources */ = {isa = PBXBuildFile; fileRef = 8D054F552308921500AB00D4 /* Router.swift */; };
		8D054F582308924B00AB00D4 /* HTTPTask.swift in Sources */ = {isa = PBXBuildFile; fileRef = 8D054F572308924B00AB00D4 /* HTTPTask.swift */; };
		8D054F5A2308925A00AB00D4 /* HTTPMethod.swift in Sources */ = {isa = PBXBuildFile; fileRef = 8D054F592308925A00AB00D4 /* HTTPMethod.swift */; };
		8D054F5C2308926800AB00D4 /* EndPointType.swift in Sources */ = {isa = PBXBuildFile; fileRef = 8D054F5B2308926800AB00D4 /* EndPointType.swift */; };
		8D054F5E230892AB00AB00D4 /* Manager.swift in Sources */ = {isa = PBXBuildFile; fileRef = 8D054F5D230892AB00AB00D4 /* Manager.swift */; };
		8D054F60230892C300AB00D4 /* ManagerImage.swift in Sources */ = {isa = PBXBuildFile; fileRef = 8D054F5F230892C300AB00D4 /* ManagerImage.swift */; };
		8D054F62230892D800AB00D4 /* Endpoint.swift in Sources */ = {isa = PBXBuildFile; fileRef = 8D054F61230892D800AB00D4 /* Endpoint.swift */; };
		8D054F64230892F800AB00D4 /* JSONEncoding.swift in Sources */ = {isa = PBXBuildFile; fileRef = 8D054F63230892F800AB00D4 /* JSONEncoding.swift */; };
		8D054F662308930600AB00D4 /* ParameterEncoding.swift in Sources */ = {isa = PBXBuildFile; fileRef = 8D054F652308930600AB00D4 /* ParameterEncoding.swift */; };
		8D054F682308931100AB00D4 /* URLEncoding.swift in Sources */ = {isa = PBXBuildFile; fileRef = 8D054F672308931100AB00D4 /* URLEncoding.swift */; };
		8D054F7C2308A6AD00AB00D4 /* User.swift in Sources */ = {isa = PBXBuildFile; fileRef = 8D054F7B2308A6AD00AB00D4 /* User.swift */; };
		8D054F802308A89500AB00D4 /* RoundImage.swift in Sources */ = {isa = PBXBuildFile; fileRef = 8D054F7F2308A89500AB00D4 /* RoundImage.swift */; };
		8D054F822308AAF300AB00D4 /* UserCell.swift in Sources */ = {isa = PBXBuildFile; fileRef = 8D054F812308AAF300AB00D4 /* UserCell.swift */; };
		8D054F842308AB3E00AB00D4 /* UserViewController.swift in Sources */ = {isa = PBXBuildFile; fileRef = 8D054F832308AB3E00AB00D4 /* UserViewController.swift */; };
		8D054F8B2308BD6200AB00D4 /* UsersPresenter.swift in Sources */ = {isa = PBXBuildFile; fileRef = 8D054F8A2308BD6200AB00D4 /* UsersPresenter.swift */; };
		8D054F8E2308F71E00AB00D4 /* User.storyboard in Resources */ = {isa = PBXBuildFile; fileRef = 8D054F8D2308F71E00AB00D4 /* User.storyboard */; };
		8D216816231ED93F00B6C375 /* DataModel.xcdatamodeld in Sources */ = {isa = PBXBuildFile; fileRef = 8D216814231ED93F00B6C375 /* DataModel.xcdatamodeld */; };
		8D38F6F7231A04D80031D30D /* UserCellPresenterView.swift in Sources */ = {isa = PBXBuildFile; fileRef = 8D38F6F6231A04D80031D30D /* UserCellPresenterView.swift */; };
		8D38F6FC231A0CC70031D30D /* UserPresenterView.swift in Sources */ = {isa = PBXBuildFile; fileRef = 8D38F6FB231A0CC70031D30D /* UserPresenterView.swift */; };
		8D79E805231AE63C00164F48 /* UsersPresenterRouter.swift in Sources */ = {isa = PBXBuildFile; fileRef = 8D79E804231AE63C00164F48 /* UsersPresenterRouter.swift */; };
		8D79E808231AFE4100164F48 /* PaymentViewController.swift in Sources */ = {isa = PBXBuildFile; fileRef = 8D79E807231AFE4100164F48 /* PaymentViewController.swift */; };
		8D79E80A231AFE7300164F48 /* PaymentPresenterView.swift in Sources */ = {isa = PBXBuildFile; fileRef = 8D79E809231AFE7300164F48 /* PaymentPresenterView.swift */; };
		8DB8202A2321ACBF0042860F /* CardRegisterViewController.swift in Sources */ = {isa = PBXBuildFile; fileRef = 8DB820292321ACBF0042860F /* CardRegisterViewController.swift */; };
		8DB8202C2321AD0C0042860F /* CardRegisterPresenterView.swift in Sources */ = {isa = PBXBuildFile; fileRef = 8DB8202B2321AD0C0042860F /* CardRegisterPresenterView.swift */; };
		8DB8202E2321AD330042860F /* CardRegisterPresenter.swift in Sources */ = {isa = PBXBuildFile; fileRef = 8DB8202D2321AD330042860F /* CardRegisterPresenter.swift */; };
		8DB820302321ADA20042860F /* CardRegisterRouter.swift in Sources */ = {isa = PBXBuildFile; fileRef = 8DB8202F2321ADA20042860F /* CardRegisterRouter.swift */; };
		8DE772AB231F132100EEF30B /* PaymentPresenterRouter.swift in Sources */ = {isa = PBXBuildFile; fileRef = 8DE772AA231F132100EEF30B /* PaymentPresenterRouter.swift */; };
		8DE772AE231F133C00EEF30B /* PaymentPresenter.swift in Sources */ = {isa = PBXBuildFile; fileRef = 8DE772AD231F133C00EEF30B /* PaymentPresenter.swift */; };
		F56D043A2DA3F2CD18165FC2 /* Pods_PicPayMVP.framework in Frameworks */ = {isa = PBXBuildFile; fileRef = 5EBC92391BF1C44F682FF708 /* Pods_PicPayMVP.framework */; };
/* End PBXBuildFile section */

/* Begin PBXFileReference section */
		5EBC92391BF1C44F682FF708 /* Pods_PicPayMVP.framework */ = {isa = PBXFileReference; explicitFileType = wrapper.framework; includeInIndex = 0; path = Pods_PicPayMVP.framework; sourceTree = BUILT_PRODUCTS_DIR; };
		72B6A186CEE8917ABF717E35 /* Pods-PicPayMVP.release.xcconfig */ = {isa = PBXFileReference; includeInIndex = 1; lastKnownFileType = text.xcconfig; name = "Pods-PicPayMVP.release.xcconfig"; path = "Target Support Files/Pods-PicPayMVP/Pods-PicPayMVP.release.xcconfig"; sourceTree = "<group>"; };
		8D054F3A230890AB00AB00D4 /* PicPayMVP.app */ = {isa = PBXFileReference; explicitFileType = wrapper.application; includeInIndex = 0; path = PicPayMVP.app; sourceTree = BUILT_PRODUCTS_DIR; };
		8D054F3D230890AB00AB00D4 /* AppDelegate.swift */ = {isa = PBXFileReference; lastKnownFileType = sourcecode.swift; path = AppDelegate.swift; sourceTree = "<group>"; };
		8D054F44230890AD00AB00D4 /* Assets.xcassets */ = {isa = PBXFileReference; lastKnownFileType = folder.assetcatalog; path = Assets.xcassets; sourceTree = "<group>"; };
		8D054F47230890AD00AB00D4 /* Base */ = {isa = PBXFileReference; lastKnownFileType = file.storyboard; name = Base; path = Base.lproj/LaunchScreen.storyboard; sourceTree = "<group>"; };
		8D054F49230890AD00AB00D4 /* Info.plist */ = {isa = PBXFileReference; lastKnownFileType = text.plist.xml; path = Info.plist; sourceTree = "<group>"; };
		8D054F552308921500AB00D4 /* Router.swift */ = {isa = PBXFileReference; lastKnownFileType = sourcecode.swift; path = Router.swift; sourceTree = "<group>"; };
		8D054F572308924B00AB00D4 /* HTTPTask.swift */ = {isa = PBXFileReference; lastKnownFileType = sourcecode.swift; path = HTTPTask.swift; sourceTree = "<group>"; };
		8D054F592308925A00AB00D4 /* HTTPMethod.swift */ = {isa = PBXFileReference; lastKnownFileType = sourcecode.swift; path = HTTPMethod.swift; sourceTree = "<group>"; };
		8D054F5B2308926800AB00D4 /* EndPointType.swift */ = {isa = PBXFileReference; lastKnownFileType = sourcecode.swift; path = EndPointType.swift; sourceTree = "<group>"; };
		8D054F5D230892AB00AB00D4 /* Manager.swift */ = {isa = PBXFileReference; lastKnownFileType = sourcecode.swift; path = Manager.swift; sourceTree = "<group>"; };
		8D054F5F230892C300AB00D4 /* ManagerImage.swift */ = {isa = PBXFileReference; lastKnownFileType = sourcecode.swift; path = ManagerImage.swift; sourceTree = "<group>"; };
		8D054F61230892D800AB00D4 /* Endpoint.swift */ = {isa = PBXFileReference; lastKnownFileType = sourcecode.swift; path = Endpoint.swift; sourceTree = "<group>"; };
		8D054F63230892F800AB00D4 /* JSONEncoding.swift */ = {isa = PBXFileReference; lastKnownFileType = sourcecode.swift; path = JSONEncoding.swift; sourceTree = "<group>"; };
		8D054F652308930600AB00D4 /* ParameterEncoding.swift */ = {isa = PBXFileReference; lastKnownFileType = sourcecode.swift; path = ParameterEncoding.swift; sourceTree = "<group>"; };
		8D054F672308931100AB00D4 /* URLEncoding.swift */ = {isa = PBXFileReference; lastKnownFileType = sourcecode.swift; path = URLEncoding.swift; sourceTree = "<group>"; };
		8D054F7B2308A6AD00AB00D4 /* User.swift */ = {isa = PBXFileReference; lastKnownFileType = sourcecode.swift; path = User.swift; sourceTree = "<group>"; };
		8D054F7F2308A89500AB00D4 /* RoundImage.swift */ = {isa = PBXFileReference; lastKnownFileType = sourcecode.swift; path = RoundImage.swift; sourceTree = "<group>"; };
		8D054F812308AAF300AB00D4 /* UserCell.swift */ = {isa = PBXFileReference; lastKnownFileType = sourcecode.swift; path = UserCell.swift; sourceTree = "<group>"; };
		8D054F832308AB3E00AB00D4 /* UserViewController.swift */ = {isa = PBXFileReference; lastKnownFileType = sourcecode.swift; path = UserViewController.swift; sourceTree = "<group>"; };
		8D054F8A2308BD6200AB00D4 /* UsersPresenter.swift */ = {isa = PBXFileReference; lastKnownFileType = sourcecode.swift; path = UsersPresenter.swift; sourceTree = "<group>"; };
		8D054F8D2308F71E00AB00D4 /* User.storyboard */ = {isa = PBXFileReference; lastKnownFileType = file.storyboard; path = User.storyboard; sourceTree = "<group>"; };
		8D216815231ED93F00B6C375 /* DataModel.xcdatamodel */ = {isa = PBXFileReference; lastKnownFileType = wrapper.xcdatamodel; path = DataModel.xcdatamodel; sourceTree = "<group>"; };
		8D38F6F6231A04D80031D30D /* UserCellPresenterView.swift */ = {isa = PBXFileReference; lastKnownFileType = sourcecode.swift; path = UserCellPresenterView.swift; sourceTree = "<group>"; };
		8D38F6FB231A0CC70031D30D /* UserPresenterView.swift */ = {isa = PBXFileReference; lastKnownFileType = sourcecode.swift; path = UserPresenterView.swift; sourceTree = "<group>"; };
		8D79E804231AE63C00164F48 /* UsersPresenterRouter.swift */ = {isa = PBXFileReference; lastKnownFileType = sourcecode.swift; path = UsersPresenterRouter.swift; sourceTree = "<group>"; };
		8D79E807231AFE4100164F48 /* PaymentViewController.swift */ = {isa = PBXFileReference; lastKnownFileType = sourcecode.swift; path = PaymentViewController.swift; sourceTree = "<group>"; };
		8D79E809231AFE7300164F48 /* PaymentPresenterView.swift */ = {isa = PBXFileReference; lastKnownFileType = sourcecode.swift; path = PaymentPresenterView.swift; sourceTree = "<group>"; };
		8DB820292321ACBF0042860F /* CardRegisterViewController.swift */ = {isa = PBXFileReference; lastKnownFileType = sourcecode.swift; path = CardRegisterViewController.swift; sourceTree = "<group>"; };
		8DB8202B2321AD0C0042860F /* CardRegisterPresenterView.swift */ = {isa = PBXFileReference; lastKnownFileType = sourcecode.swift; path = CardRegisterPresenterView.swift; sourceTree = "<group>"; };
		8DB8202D2321AD330042860F /* CardRegisterPresenter.swift */ = {isa = PBXFileReference; lastKnownFileType = sourcecode.swift; path = CardRegisterPresenter.swift; sourceTree = "<group>"; };
		8DB8202F2321ADA20042860F /* CardRegisterRouter.swift */ = {isa = PBXFileReference; lastKnownFileType = sourcecode.swift; path = CardRegisterRouter.swift; sourceTree = "<group>"; };
		8DE772AA231F132100EEF30B /* PaymentPresenterRouter.swift */ = {isa = PBXFileReference; lastKnownFileType = sourcecode.swift; path = PaymentPresenterRouter.swift; sourceTree = "<group>"; };
		8DE772AD231F133C00EEF30B /* PaymentPresenter.swift */ = {isa = PBXFileReference; lastKnownFileType = sourcecode.swift; path = PaymentPresenter.swift; sourceTree = "<group>"; };
		C9D04CC370A42F9E449F132A /* Pods-PicPayMVP.debug.xcconfig */ = {isa = PBXFileReference; includeInIndex = 1; lastKnownFileType = text.xcconfig; name = "Pods-PicPayMVP.debug.xcconfig"; path = "Target Support Files/Pods-PicPayMVP/Pods-PicPayMVP.debug.xcconfig"; sourceTree = "<group>"; };
/* End PBXFileReference section */

/* Begin PBXFrameworksBuildPhase section */
		8D054F37230890AB00AB00D4 /* Frameworks */ = {
			isa = PBXFrameworksBuildPhase;
			buildActionMask = 2147483647;
			files = (
				F56D043A2DA3F2CD18165FC2 /* Pods_PicPayMVP.framework in Frameworks */,
			);
			runOnlyForDeploymentPostprocessing = 0;
		};
/* End PBXFrameworksBuildPhase section */

/* Begin PBXGroup section */
		36506639F07E9D330BD78951 /* Frameworks */ = {
			isa = PBXGroup;
			children = (
				5EBC92391BF1C44F682FF708 /* Pods_PicPayMVP.framework */,
			);
			name = Frameworks;
			sourceTree = "<group>";
		};
		4EB288965FFAA17CB1CAD34B /* Pods */ = {
			isa = PBXGroup;
			children = (
				C9D04CC370A42F9E449F132A /* Pods-PicPayMVP.debug.xcconfig */,
				72B6A186CEE8917ABF717E35 /* Pods-PicPayMVP.release.xcconfig */,
			);
			path = Pods;
			sourceTree = "<group>";
		};
		8D054F31230890AB00AB00D4 = {
			isa = PBXGroup;
			children = (
				8D054F3C230890AB00AB00D4 /* PicPayMVP */,
				8D054F3B230890AB00AB00D4 /* Products */,
				4EB288965FFAA17CB1CAD34B /* Pods */,
				36506639F07E9D330BD78951 /* Frameworks */,
			);
			sourceTree = "<group>";
		};
		8D054F3B230890AB00AB00D4 /* Products */ = {
			isa = PBXGroup;
			children = (
				8D054F3A230890AB00AB00D4 /* PicPayMVP.app */,
			);
			name = Products;
			sourceTree = "<group>";
		};
		8D054F3C230890AB00AB00D4 /* PicPayMVP */ = {
			isa = PBXGroup;
			children = (
				8D216813231ED91C00B6C375 /* Data Model */,
				8D054F8C2308F6FA00AB00D4 /* Storyboard */,
				8D054F7E2308A84200AB00D4 /* Common */,
				8D054F50230890E100AB00D4 /* Scenes */,
				8D054F4F230890D300AB00D4 /* Network */,
				8D054F44230890AD00AB00D4 /* Assets.xcassets */,
				8D054F3D230890AB00AB00D4 /* AppDelegate.swift */,
				8D054F49230890AD00AB00D4 /* Info.plist */,
			);
			path = PicPayMVP;
			sourceTree = "<group>";
		};
		8D054F4F230890D300AB00D4 /* Network */ = {
			isa = PBXGroup;
			children = (
				8D054F54230891FD00AB00D4 /* Service */,
				8D054F53230891F400AB00D4 /* Encoding */,
				8D054F52230891ED00AB00D4 /* Manager */,
				8D054F51230891E500AB00D4 /* Endpoint */,
			);
			path = Network;
			sourceTree = "<group>";
		};
		8D054F50230890E100AB00D4 /* Scenes */ = {
			isa = PBXGroup;
			children = (
				8D054F6C2308946A00AB00D4 /* Receipt */,
				8D054F6B2308945A00AB00D4 /* Payment */,
				8D054F6A2308940F00AB00D4 /* CardRegister */,
				8D054F69230893FF00AB00D4 /* Users */,
			);
			path = Scenes;
			sourceTree = "<group>";
		};
		8D054F51230891E500AB00D4 /* Endpoint */ = {
			isa = PBXGroup;
			children = (
				8D054F61230892D800AB00D4 /* Endpoint.swift */,
			);
			path = Endpoint;
			sourceTree = "<group>";
		};
		8D054F52230891ED00AB00D4 /* Manager */ = {
			isa = PBXGroup;
			children = (
				8D054F5D230892AB00AB00D4 /* Manager.swift */,
				8D054F5F230892C300AB00D4 /* ManagerImage.swift */,
			);
			path = Manager;
			sourceTree = "<group>";
		};
		8D054F53230891F400AB00D4 /* Encoding */ = {
			isa = PBXGroup;
			children = (
				8D054F63230892F800AB00D4 /* JSONEncoding.swift */,
				8D054F652308930600AB00D4 /* ParameterEncoding.swift */,
				8D054F672308931100AB00D4 /* URLEncoding.swift */,
			);
			path = Encoding;
			sourceTree = "<group>";
		};
		8D054F54230891FD00AB00D4 /* Service */ = {
			isa = PBXGroup;
			children = (
				8D054F552308921500AB00D4 /* Router.swift */,
				8D054F572308924B00AB00D4 /* HTTPTask.swift */,
				8D054F592308925A00AB00D4 /* HTTPMethod.swift */,
				8D054F5B2308926800AB00D4 /* EndPointType.swift */,
			);
			path = Service;
			sourceTree = "<group>";
		};
		8D054F69230893FF00AB00D4 /* Users */ = {
			isa = PBXGroup;
			children = (
				8D054F6F2308A52B00AB00D4 /* Model */,
				8D054F6D2308A51D00AB00D4 /* View */,
				8D054F6E2308A52400AB00D4 /* Presenter */,
			);
			path = Users;
			sourceTree = "<group>";
		};
		8D054F6A2308940F00AB00D4 /* CardRegister */ = {
			isa = PBXGroup;
			children = (
				8D054F712308A53300AB00D4 /* View */,
				8D054F722308A53C00AB00D4 /* Presenter */,
			);
			path = CardRegister;
			sourceTree = "<group>";
		};
		8D054F6B2308945A00AB00D4 /* Payment */ = {
			isa = PBXGroup;
			children = (
				8D054F742308A54600AB00D4 /* View */,
				8D054F752308A54900AB00D4 /* Presenter */,
			);
			path = Payment;
			sourceTree = "<group>";
		};
		8D054F6C2308946A00AB00D4 /* Receipt */ = {
			isa = PBXGroup;
			children = (
				8D054F772308A56A00AB00D4 /* View */,
				8D054F782308A56E00AB00D4 /* Presenter */,
			);
			path = Receipt;
			sourceTree = "<group>";
		};
		8D054F6D2308A51D00AB00D4 /* View */ = {
			isa = PBXGroup;
			children = (
				8D38F6F5231A03F00031D30D /* UsersCell */,
				8D054F832308AB3E00AB00D4 /* UserViewController.swift */,
				8D38F6FB231A0CC70031D30D /* UserPresenterView.swift */,
			);
			path = View;
			sourceTree = "<group>";
		};
		8D054F6E2308A52400AB00D4 /* Presenter */ = {
			isa = PBXGroup;
			children = (
				8D054F8A2308BD6200AB00D4 /* UsersPresenter.swift */,
				8D79E804231AE63C00164F48 /* UsersPresenterRouter.swift */,
			);
			path = Presenter;
			sourceTree = "<group>";
		};
		8D054F6F2308A52B00AB00D4 /* Model */ = {
			isa = PBXGroup;
			children = (
				8D054F7B2308A6AD00AB00D4 /* User.swift */,
			);
			path = Model;
			sourceTree = "<group>";
		};
		8D054F712308A53300AB00D4 /* View */ = {
			isa = PBXGroup;
			children = (
				8DB820292321ACBF0042860F /* CardRegisterViewController.swift */,
				8DB8202B2321AD0C0042860F /* CardRegisterPresenterView.swift */,
			);
			path = View;
			sourceTree = "<group>";
		};
		8D054F722308A53C00AB00D4 /* Presenter */ = {
			isa = PBXGroup;
			children = (
				8DB8202D2321AD330042860F /* CardRegisterPresenter.swift */,
				8DB8202F2321ADA20042860F /* CardRegisterRouter.swift */,
			);
			path = Presenter;
			sourceTree = "<group>";
		};
		8D054F742308A54600AB00D4 /* View */ = {
			isa = PBXGroup;
			children = (
				8D79E807231AFE4100164F48 /* PaymentViewController.swift */,
				8D79E809231AFE7300164F48 /* PaymentPresenterView.swift */,
			);
			path = View;
			sourceTree = "<group>";
		};
		8D054F752308A54900AB00D4 /* Presenter */ = {
			isa = PBXGroup;
			children = (
				8DE772AD231F133C00EEF30B /* PaymentPresenter.swift */,
				8DE772AA231F132100EEF30B /* PaymentPresenterRouter.swift */,
			);
			path = Presenter;
			sourceTree = "<group>";
		};
		8D054F772308A56A00AB00D4 /* View */ = {
			isa = PBXGroup;
			children = (
			);
			path = View;
			sourceTree = "<group>";
		};
		8D054F782308A56E00AB00D4 /* Presenter */ = {
			isa = PBXGroup;
			children = (
			);
			path = Presenter;
			sourceTree = "<group>";
		};
		8D054F7E2308A84200AB00D4 /* Common */ = {
			isa = PBXGroup;
			children = (
				8D054F7F2308A89500AB00D4 /* RoundImage.swift */,
			);
			path = Common;
			sourceTree = "<group>";
		};
		8D054F8C2308F6FA00AB00D4 /* Storyboard */ = {
			isa = PBXGroup;
			children = (
				8D054F46230890AD00AB00D4 /* LaunchScreen.storyboard */,
				8D054F8D2308F71E00AB00D4 /* User.storyboard */,
			);
			path = Storyboard;
			sourceTree = "<group>";
		};
		8D216813231ED91C00B6C375 /* Data Model */ = {
			isa = PBXGroup;
			children = (
				8D216814231ED93F00B6C375 /* DataModel.xcdatamodeld */,
			);
			path = "Data Model";
			sourceTree = "<group>";
		};
		8D38F6F5231A03F00031D30D /* UsersCell */ = {
			isa = PBXGroup;
			children = (
				8D054F812308AAF300AB00D4 /* UserCell.swift */,
				8D38F6F6231A04D80031D30D /* UserCellPresenterView.swift */,
			);
			path = UsersCell;
			sourceTree = "<group>";
		};
/* End PBXGroup section */

/* Begin PBXNativeTarget section */
		8D054F39230890AB00AB00D4 /* PicPayMVP */ = {
			isa = PBXNativeTarget;
			buildConfigurationList = 8D054F4C230890AD00AB00D4 /* Build configuration list for PBXNativeTarget "PicPayMVP" */;
			buildPhases = (
				C7AA93F885870C77C2556A0D /* [CP] Check Pods Manifest.lock */,
				8D054F36230890AB00AB00D4 /* Sources */,
				8D054F37230890AB00AB00D4 /* Frameworks */,
				8D054F38230890AB00AB00D4 /* Resources */,
				DBB7C62A37F8B5DB6ABD342E /* [CP] Embed Pods Frameworks */,
			);
			buildRules = (
			);
			dependencies = (
			);
			name = PicPayMVP;
			productName = PicPayMVP;
			productReference = 8D054F3A230890AB00AB00D4 /* PicPayMVP.app */;
			productType = "com.apple.product-type.application";
		};
/* End PBXNativeTarget section */

/* Begin PBXProject section */
		8D054F32230890AB00AB00D4 /* Project object */ = {
			isa = PBXProject;
			attributes = {
				LastSwiftUpdateCheck = 1030;
				LastUpgradeCheck = 1030;
				ORGANIZATIONNAME = "Bryan Souza";
				TargetAttributes = {
					8D054F39230890AB00AB00D4 = {
						CreatedOnToolsVersion = 10.3;
					};
				};
			};
			buildConfigurationList = 8D054F35230890AB00AB00D4 /* Build configuration list for PBXProject "PicPayMVP" */;
			compatibilityVersion = "Xcode 9.3";
			developmentRegion = en;
			hasScannedForEncodings = 0;
			knownRegions = (
				en,
				Base,
			);
			mainGroup = 8D054F31230890AB00AB00D4;
			productRefGroup = 8D054F3B230890AB00AB00D4 /* Products */;
			projectDirPath = "";
			projectRoot = "";
			targets = (
				8D054F39230890AB00AB00D4 /* PicPayMVP */,
			);
		};
/* End PBXProject section */

/* Begin PBXResourcesBuildPhase section */
		8D054F38230890AB00AB00D4 /* Resources */ = {
			isa = PBXResourcesBuildPhase;
			buildActionMask = 2147483647;
			files = (
				8D054F48230890AD00AB00D4 /* LaunchScreen.storyboard in Resources */,
				8D054F45230890AD00AB00D4 /* Assets.xcassets in Resources */,
				8D054F8E2308F71E00AB00D4 /* User.storyboard in Resources */,
			);
			runOnlyForDeploymentPostprocessing = 0;
		};
/* End PBXResourcesBuildPhase section */

/* Begin PBXShellScriptBuildPhase section */
		C7AA93F885870C77C2556A0D /* [CP] Check Pods Manifest.lock */ = {
			isa = PBXShellScriptBuildPhase;
			buildActionMask = 2147483647;
			files = (
			);
			inputFileListPaths = (
			);
			inputPaths = (
				"${PODS_PODFILE_DIR_PATH}/Podfile.lock",
				"${PODS_ROOT}/Manifest.lock",
			);
			name = "[CP] Check Pods Manifest.lock";
			outputFileListPaths = (
			);
			outputPaths = (
				"$(DERIVED_FILE_DIR)/Pods-PicPayMVP-checkManifestLockResult.txt",
			);
			runOnlyForDeploymentPostprocessing = 0;
			shellPath = /bin/sh;
			shellScript = "diff \"${PODS_PODFILE_DIR_PATH}/Podfile.lock\" \"${PODS_ROOT}/Manifest.lock\" > /dev/null\nif [ $? != 0 ] ; then\n    # print error to STDERR\n    echo \"error: The sandbox is not in sync with the Podfile.lock. Run 'pod install' or update your CocoaPods installation.\" >&2\n    exit 1\nfi\n# This output is used by Xcode 'outputs' to avoid re-running this script phase.\necho \"SUCCESS\" > \"${SCRIPT_OUTPUT_FILE_0}\"\n";
			showEnvVarsInLog = 0;
		};
		DBB7C62A37F8B5DB6ABD342E /* [CP] Embed Pods Frameworks */ = {
			isa = PBXShellScriptBuildPhase;
			buildActionMask = 2147483647;
			files = (
			);
			inputFileListPaths = (
				"${PODS_ROOT}/Target Support Files/Pods-PicPayMVP/Pods-PicPayMVP-frameworks-${CONFIGURATION}-input-files.xcfilelist",
			);
			name = "[CP] Embed Pods Frameworks";
			outputFileListPaths = (
				"${PODS_ROOT}/Target Support Files/Pods-PicPayMVP/Pods-PicPayMVP-frameworks-${CONFIGURATION}-output-files.xcfilelist",
			);
			runOnlyForDeploymentPostprocessing = 0;
			shellPath = /bin/sh;
			shellScript = "\"${PODS_ROOT}/Target Support Files/Pods-PicPayMVP/Pods-PicPayMVP-frameworks.sh\"\n";
			showEnvVarsInLog = 0;
		};
/* End PBXShellScriptBuildPhase section */

/* Begin PBXSourcesBuildPhase section */
		8D054F36230890AB00AB00D4 /* Sources */ = {
			isa = PBXSourcesBuildPhase;
			buildActionMask = 2147483647;
			files = (
				8D054F582308924B00AB00D4 /* HTTPTask.swift in Sources */,
				8D054F842308AB3E00AB00D4 /* UserViewController.swift in Sources */,
				8DB8202A2321ACBF0042860F /* CardRegisterViewController.swift in Sources */,
				8DB820302321ADA20042860F /* CardRegisterRouter.swift in Sources */,
				8D054F802308A89500AB00D4 /* RoundImage.swift in Sources */,
				8DB8202E2321AD330042860F /* CardRegisterPresenter.swift in Sources */,
				8D054F62230892D800AB00D4 /* Endpoint.swift in Sources */,
				8D38F6F7231A04D80031D30D /* UserCellPresenterView.swift in Sources */,
				8D054F682308931100AB00D4 /* URLEncoding.swift in Sources */,
				8D054F5C2308926800AB00D4 /* EndPointType.swift in Sources */,
				8DE772AE231F133C00EEF30B /* PaymentPresenter.swift in Sources */,
				8D79E808231AFE4100164F48 /* PaymentViewController.swift in Sources */,
				8D054F60230892C300AB00D4 /* ManagerImage.swift in Sources */,
				8D38F6FC231A0CC70031D30D /* UserPresenterView.swift in Sources */,
				8D054F822308AAF300AB00D4 /* UserCell.swift in Sources */,
				8D216816231ED93F00B6C375 /* DataModel.xcdatamodeld in Sources */,
				8DE772AB231F132100EEF30B /* PaymentPresenterRouter.swift in Sources */,
				8D054F662308930600AB00D4 /* ParameterEncoding.swift in Sources */,
				8D054F8B2308BD6200AB00D4 /* UsersPresenter.swift in Sources */,
				8D054F562308921500AB00D4 /* Router.swift in Sources */,
				8DB8202C2321AD0C0042860F /* CardRegisterPresenterView.swift in Sources */,
				8D054F5E230892AB00AB00D4 /* Manager.swift in Sources */,
				8D054F7C2308A6AD00AB00D4 /* User.swift in Sources */,
				8D79E805231AE63C00164F48 /* UsersPresenterRouter.swift in Sources */,
				8D79E80A231AFE7300164F48 /* PaymentPresenterView.swift in Sources */,
				8D054F5A2308925A00AB00D4 /* HTTPMethod.swift in Sources */,
				8D054F64230892F800AB00D4 /* JSONEncoding.swift in Sources */,
				8D054F3E230890AB00AB00D4 /* AppDelegate.swift in Sources */,
			);
			runOnlyForDeploymentPostprocessing = 0;
		};
/* End PBXSourcesBuildPhase section */

/* Begin PBXVariantGroup section */
		8D054F46230890AD00AB00D4 /* LaunchScreen.storyboard */ = {
			isa = PBXVariantGroup;
			children = (
				8D054F47230890AD00AB00D4 /* Base */,
			);
			name = LaunchScreen.storyboard;
			sourceTree = "<group>";
		};
/* End PBXVariantGroup section */

/* Begin XCBuildConfiguration section */
		8D054F4A230890AD00AB00D4 /* Debug */ = {
			isa = XCBuildConfiguration;
			buildSettings = {
				ALWAYS_SEARCH_USER_PATHS = NO;
				CLANG_ANALYZER_NONNULL = YES;
				CLANG_ANALYZER_NUMBER_OBJECT_CONVERSION = YES_AGGRESSIVE;
				CLANG_CXX_LANGUAGE_STANDARD = "gnu++14";
				CLANG_CXX_LIBRARY = "libc++";
				CLANG_ENABLE_MODULES = YES;
				CLANG_ENABLE_OBJC_ARC = YES;
				CLANG_ENABLE_OBJC_WEAK = YES;
				CLANG_WARN_BLOCK_CAPTURE_AUTORELEASING = YES;
				CLANG_WARN_BOOL_CONVERSION = YES;
				CLANG_WARN_COMMA = YES;
				CLANG_WARN_CONSTANT_CONVERSION = YES;
				CLANG_WARN_DEPRECATED_OBJC_IMPLEMENTATIONS = YES;
				CLANG_WARN_DIRECT_OBJC_ISA_USAGE = YES_ERROR;
				CLANG_WARN_DOCUMENTATION_COMMENTS = YES;
				CLANG_WARN_EMPTY_BODY = YES;
				CLANG_WARN_ENUM_CONVERSION = YES;
				CLANG_WARN_INFINITE_RECURSION = YES;
				CLANG_WARN_INT_CONVERSION = YES;
				CLANG_WARN_NON_LITERAL_NULL_CONVERSION = YES;
				CLANG_WARN_OBJC_IMPLICIT_RETAIN_SELF = YES;
				CLANG_WARN_OBJC_LITERAL_CONVERSION = YES;
				CLANG_WARN_OBJC_ROOT_CLASS = YES_ERROR;
				CLANG_WARN_RANGE_LOOP_ANALYSIS = YES;
				CLANG_WARN_STRICT_PROTOTYPES = YES;
				CLANG_WARN_SUSPICIOUS_MOVE = YES;
				CLANG_WARN_UNGUARDED_AVAILABILITY = YES_AGGRESSIVE;
				CLANG_WARN_UNREACHABLE_CODE = YES;
				CLANG_WARN__DUPLICATE_METHOD_MATCH = YES;
				CODE_SIGN_IDENTITY = "iPhone Developer";
				COPY_PHASE_STRIP = NO;
				DEBUG_INFORMATION_FORMAT = dwarf;
				ENABLE_STRICT_OBJC_MSGSEND = YES;
				ENABLE_TESTABILITY = YES;
				GCC_C_LANGUAGE_STANDARD = gnu11;
				GCC_DYNAMIC_NO_PIC = NO;
				GCC_NO_COMMON_BLOCKS = YES;
				GCC_OPTIMIZATION_LEVEL = 0;
				GCC_PREPROCESSOR_DEFINITIONS = (
					"DEBUG=1",
					"$(inherited)",
				);
				GCC_WARN_64_TO_32_BIT_CONVERSION = YES;
				GCC_WARN_ABOUT_RETURN_TYPE = YES_ERROR;
				GCC_WARN_UNDECLARED_SELECTOR = YES;
				GCC_WARN_UNINITIALIZED_AUTOS = YES_AGGRESSIVE;
				GCC_WARN_UNUSED_FUNCTION = YES;
				GCC_WARN_UNUSED_VARIABLE = YES;
				IPHONEOS_DEPLOYMENT_TARGET = 12.4;
				MTL_ENABLE_DEBUG_INFO = INCLUDE_SOURCE;
				MTL_FAST_MATH = YES;
				ONLY_ACTIVE_ARCH = YES;
				SDKROOT = iphoneos;
				SWIFT_ACTIVE_COMPILATION_CONDITIONS = DEBUG;
				SWIFT_OPTIMIZATION_LEVEL = "-Onone";
			};
			name = Debug;
		};
		8D054F4B230890AD00AB00D4 /* Release */ = {
			isa = XCBuildConfiguration;
			buildSettings = {
				ALWAYS_SEARCH_USER_PATHS = NO;
				CLANG_ANALYZER_NONNULL = YES;
				CLANG_ANALYZER_NUMBER_OBJECT_CONVERSION = YES_AGGRESSIVE;
				CLANG_CXX_LANGUAGE_STANDARD = "gnu++14";
				CLANG_CXX_LIBRARY = "libc++";
				CLANG_ENABLE_MODULES = YES;
				CLANG_ENABLE_OBJC_ARC = YES;
				CLANG_ENABLE_OBJC_WEAK = YES;
				CLANG_WARN_BLOCK_CAPTURE_AUTORELEASING = YES;
				CLANG_WARN_BOOL_CONVERSION = YES;
				CLANG_WARN_COMMA = YES;
				CLANG_WARN_CONSTANT_CONVERSION = YES;
				CLANG_WARN_DEPRECATED_OBJC_IMPLEMENTATIONS = YES;
				CLANG_WARN_DIRECT_OBJC_ISA_USAGE = YES_ERROR;
				CLANG_WARN_DOCUMENTATION_COMMENTS = YES;
				CLANG_WARN_EMPTY_BODY = YES;
				CLANG_WARN_ENUM_CONVERSION = YES;
				CLANG_WARN_INFINITE_RECURSION = YES;
				CLANG_WARN_INT_CONVERSION = YES;
				CLANG_WARN_NON_LITERAL_NULL_CONVERSION = YES;
				CLANG_WARN_OBJC_IMPLICIT_RETAIN_SELF = YES;
				CLANG_WARN_OBJC_LITERAL_CONVERSION = YES;
				CLANG_WARN_OBJC_ROOT_CLASS = YES_ERROR;
				CLANG_WARN_RANGE_LOOP_ANALYSIS = YES;
				CLANG_WARN_STRICT_PROTOTYPES = YES;
				CLANG_WARN_SUSPICIOUS_MOVE = YES;
				CLANG_WARN_UNGUARDED_AVAILABILITY = YES_AGGRESSIVE;
				CLANG_WARN_UNREACHABLE_CODE = YES;
				CLANG_WARN__DUPLICATE_METHOD_MATCH = YES;
				CODE_SIGN_IDENTITY = "iPhone Developer";
				COPY_PHASE_STRIP = NO;
				DEBUG_INFORMATION_FORMAT = "dwarf-with-dsym";
				ENABLE_NS_ASSERTIONS = NO;
				ENABLE_STRICT_OBJC_MSGSEND = YES;
				GCC_C_LANGUAGE_STANDARD = gnu11;
				GCC_NO_COMMON_BLOCKS = YES;
				GCC_WARN_64_TO_32_BIT_CONVERSION = YES;
				GCC_WARN_ABOUT_RETURN_TYPE = YES_ERROR;
				GCC_WARN_UNDECLARED_SELECTOR = YES;
				GCC_WARN_UNINITIALIZED_AUTOS = YES_AGGRESSIVE;
				GCC_WARN_UNUSED_FUNCTION = YES;
				GCC_WARN_UNUSED_VARIABLE = YES;
				IPHONEOS_DEPLOYMENT_TARGET = 12.4;
				MTL_ENABLE_DEBUG_INFO = NO;
				MTL_FAST_MATH = YES;
				SDKROOT = iphoneos;
				SWIFT_COMPILATION_MODE = wholemodule;
				SWIFT_OPTIMIZATION_LEVEL = "-O";
				VALIDATE_PRODUCT = YES;
			};
			name = Release;
		};
		8D054F4D230890AD00AB00D4 /* Debug */ = {
			isa = XCBuildConfiguration;
			baseConfigurationReference = C9D04CC370A42F9E449F132A /* Pods-PicPayMVP.debug.xcconfig */;
			buildSettings = {
				ASSETCATALOG_COMPILER_APPICON_NAME = AppIcon;
				CODE_SIGN_STYLE = Automatic;
				DEVELOPMENT_TEAM = 588C5Z47C8;
				INFOPLIST_FILE = PicPayMVP/Info.plist;
				LD_RUNPATH_SEARCH_PATHS = (
					"$(inherited)",
					"@executable_path/Frameworks",
				);
				PRODUCT_BUNDLE_IDENTIFIER = com.bryansouza.PicPayMVP;
				PRODUCT_NAME = "$(TARGET_NAME)";
				SWIFT_VERSION = 5.0;
				TARGETED_DEVICE_FAMILY = 1;
			};
			name = Debug;
		};
		8D054F4E230890AD00AB00D4 /* Release */ = {
			isa = XCBuildConfiguration;
			baseConfigurationReference = 72B6A186CEE8917ABF717E35 /* Pods-PicPayMVP.release.xcconfig */;
			buildSettings = {
				ASSETCATALOG_COMPILER_APPICON_NAME = AppIcon;
				CODE_SIGN_STYLE = Automatic;
				DEVELOPMENT_TEAM = 588C5Z47C8;
				INFOPLIST_FILE = PicPayMVP/Info.plist;
				LD_RUNPATH_SEARCH_PATHS = (
					"$(inherited)",
					"@executable_path/Frameworks",
				);
				PRODUCT_BUNDLE_IDENTIFIER = com.bryansouza.PicPayMVP;
				PRODUCT_NAME = "$(TARGET_NAME)";
				SWIFT_VERSION = 5.0;
				TARGETED_DEVICE_FAMILY = 1;
			};
			name = Release;
		};
/* End XCBuildConfiguration section */

/* Begin XCConfigurationList section */
		8D054F35230890AB00AB00D4 /* Build configuration list for PBXProject "PicPayMVP" */ = {
			isa = XCConfigurationList;
			buildConfigurations = (
				8D054F4A230890AD00AB00D4 /* Debug */,
				8D054F4B230890AD00AB00D4 /* Release */,
			);
			defaultConfigurationIsVisible = 0;
			defaultConfigurationName = Release;
		};
		8D054F4C230890AD00AB00D4 /* Build configuration list for PBXNativeTarget "PicPayMVP" */ = {
			isa = XCConfigurationList;
			buildConfigurations = (
				8D054F4D230890AD00AB00D4 /* Debug */,
				8D054F4E230890AD00AB00D4 /* Release */,
			);
			defaultConfigurationIsVisible = 0;
			defaultConfigurationName = Release;
		};
/* End XCConfigurationList section */

/* Begin XCVersionGroup section */
		8D216814231ED93F00B6C375 /* DataModel.xcdatamodeld */ = {
			isa = XCVersionGroup;
			children = (
				8D216815231ED93F00B6C375 /* DataModel.xcdatamodel */,
			);
			currentVersion = 8D216815231ED93F00B6C375 /* DataModel.xcdatamodel */;
			path = DataModel.xcdatamodeld;
			sourceTree = "<group>";
			versionGroupType = wrapper.xcdatamodel;
		};
/* End XCVersionGroup section */
	};
	rootObject = 8D054F32230890AB00AB00D4 /* Project object */;
}
